
Microsoft Visual Studio Solution File, Format Version 12.00
# Visual Studio Version 16
VisualStudioVersion = 16.0.30320.27
MinimumVisualStudioVersion = 10.0.40219.1
Project("{9A19103F-16F7-4668-BE54-9A1E7A4F7556}") = "DiagnosticDemo", "DiagnosticDemo\DiagnosticDemo.csproj", "{4209B5F8-2536-4EF0-8FED-9582B74587D2}"
EndProject
Project("{9A19103F-16F7-4668-BE54-9A1E7A4F7556}") = "DiagnosticApiDemo", "DiagnosticApiDemo\DiagnosticApiDemo.csproj", "{15A935E2-D568-431D-ACC6-7AED0E03E924}"
EndProject
Project("{9A19103F-16F7-4668-BE54-9A1E7A4F7556}") = "DiagnosticCore", "DiagnosticCore\DiagnosticCore.csproj", "{CAA9E63E-AF70-430A-8F79-B8A0416BE83D}"
EndProject
Project("{9A19103F-16F7-4668-BE54-9A1E7A4F7556}") = "MongodbCore", "MongodbCore\MongodbCore.csproj", "{820D68AA-F5EC-4120-8A02-CDD5752EDFC8}"
EndProject
Project("{9A19103F-16F7-4668-BE54-9A1E7A4F7556}") = "ElasticSearchCore", "ElasticSearchCore\ElasticSearchCore.csproj", "{9D304835-4F21-467C-AF71-713C96CBB9D4}"
EndProject
Project("{9A19103F-16F7-4668-BE54-9A1E7A4F7556}") = "PersistenceAbstraction", "PersistenceAbstraction\PersistenceAbstraction.csproj", "{D509C727-BAE7-4657-811C-03DB165E513C}"
EndProject
Project("{9A19103F-16F7-4668-BE54-9A1E7A4F7556}") = "DiagnosticModel", "DiagnosticModel\DiagnosticModel.csproj", "{9C36E8E3-1A0C-4A97-936C-67D90B9C0084}"
EndProject
Project("{9A19103F-16F7-4668-BE54-9A1E7A4F7556}") = "MessageQueueAbstraction", "MessageQueueAbstraction\MessageQueueAbstraction.csproj", "{F9405D3A-15C3-4F1C-8234-A50359E10CF8}"
EndProject
Project("{9A19103F-16F7-4668-BE54-9A1E7A4F7556}") = "LocalizerAbstraction", "LocalizerAbstraction\LocalizerAbstraction.csproj", "{C8D16990-59D6-4B45-AD56-86895A94611D}"
EndProject
Project("{9A19103F-16F7-4668-BE54-9A1E7A4F7556}") = "FreesqlAbstration", "FreesqlAbstration\FreesqlAbstration.csproj", "{E952B7AD-2E3D-4E09-894C-B69FA36C9EB3}"
EndProject
Project("{FAE04EC0-301F-11D3-BF4B-00C04F79EFBC}") = "SpiderCore", "SpiderCore\SpiderCore.csproj", "{5488367D-4064-4E0B-80FF-B42DF2C1FD3C}"
EndProject
Global
	GlobalSection(SolutionConfigurationPlatforms) = preSolution
		Debug|Any CPU = Debug|Any CPU
		Release|Any CPU = Release|Any CPU
	EndGlobalSection
	GlobalSection(ProjectConfigurationPlatforms) = postSolution
		{4209B5F8-2536-4EF0-8FED-9582B74587D2}.Debug|Any CPU.ActiveCfg = Debug|Any CPU
		{4209B5F8-2536-4EF0-8FED-9582B74587D2}.Debug|Any CPU.Build.0 = Debug|Any CPU
		{4209B5F8-2536-4EF0-8FED-9582B74587D2}.Release|Any CPU.ActiveCfg = Release|Any CPU
		{4209B5F8-2536-4EF0-8FED-9582B74587D2}.Release|Any CPU.Build.0 = Release|Any CPU
		{15A935E2-D568-431D-ACC6-7AED0E03E924}.Debug|Any CPU.ActiveCfg = Debug|Any CPU
		{15A935E2-D568-431D-ACC6-7AED0E03E924}.Debug|Any CPU.Build.0 = Debug|Any CPU
		{15A935E2-D568-431D-ACC6-7AED0E03E924}.Release|Any CPU.ActiveCfg = Release|Any CPU
		{15A935E2-D568-431D-ACC6-7AED0E03E924}.Release|Any CPU.Build.0 = Release|Any CPU
		{CAA9E63E-AF70-430A-8F79-B8A0416BE83D}.Debug|Any CPU.ActiveCfg = Debug|Any CPU
		{CAA9E63E-AF70-430A-8F79-B8A0416BE83D}.Debug|Any CPU.Build.0 = Debug|Any CPU
		{CAA9E63E-AF70-430A-8F79-B8A0416BE83D}.Release|Any CPU.ActiveCfg = Release|Any CPU
		{CAA9E63E-AF70-430A-8F79-B8A0416BE83D}.Release|Any CPU.Build.0 = Release|Any CPU
		{820D68AA-F5EC-4120-8A02-CDD5752EDFC8}.Debug|Any CPU.ActiveCfg = Debug|Any CPU
		{820D68AA-F5EC-4120-8A02-CDD5752EDFC8}.Debug|Any CPU.Build.0 = Debug|Any CPU
		{820D68AA-F5EC-4120-8A02-CDD5752EDFC8}.Release|Any CPU.ActiveCfg = Release|Any CPU
		{820D68AA-F5EC-4120-8A02-CDD5752EDFC8}.Release|Any CPU.Build.0 = Release|Any CPU
		{9D304835-4F21-467C-AF71-713C96CBB9D4}.Debug|Any CPU.ActiveCfg = Debug|Any CPU
		{9D304835-4F21-467C-AF71-713C96CBB9D4}.Debug|Any CPU.Build.0 = Debug|Any CPU
		{9D304835-4F21-467C-AF71-713C96CBB9D4}.Release|Any CPU.ActiveCfg = Release|Any CPU
		{9D304835-4F21-467C-AF71-713C96CBB9D4}.Release|Any CPU.Build.0 = Release|Any CPU
		{D509C727-BAE7-4657-811C-03DB165E513C}.Debug|Any CPU.ActiveCfg = Debug|Any CPU
		{D509C727-BAE7-4657-811C-03DB165E513C}.Debug|Any CPU.Build.0 = Debug|Any CPU
		{D509C727-BAE7-4657-811C-03DB165E513C}.Release|Any CPU.ActiveCfg = Release|Any CPU
		{D509C727-BAE7-4657-811C-03DB165E513C}.Release|Any CPU.Build.0 = Release|Any CPU
		{9C36E8E3-1A0C-4A97-936C-67D90B9C0084}.Debug|Any CPU.ActiveCfg = Debug|Any CPU
		{9C36E8E3-1A0C-4A97-936C-67D90B9C0084}.Debug|Any CPU.Build.0 = Debug|Any CPU
		{9C36E8E3-1A0C-4A97-936C-67D90B9C0084}.Release|Any CPU.ActiveCfg = Release|Any CPU
		{9C36E8E3-1A0C-4A97-936C-67D90B9C0084}.Release|Any CPU.Build.0 = Release|Any CPU
		{F9405D3A-15C3-4F1C-8234-A50359E10CF8}.Debug|Any CPU.ActiveCfg = Debug|Any CPU
		{F9405D3A-15C3-4F1C-8234-A50359E10CF8}.Debug|Any CPU.Build.0 = Debug|Any CPU
		{F9405D3A-15C3-4F1C-8234-A50359E10CF8}.Release|Any CPU.ActiveCfg = Release|Any CPU
		{F9405D3A-15C3-4F1C-8234-A50359E10CF8}.Release|Any CPU.Build.0 = Release|Any CPU
		{C8D16990-59D6-4B45-AD56-86895A94611D}.Debug|Any CPU.ActiveCfg = Debug|Any CPU
		{C8D16990-59D6-4B45-AD56-86895A94611D}.Debug|Any CPU.Build.0 = Debug|Any CPU
		{C8D16990-59D6-4B45-AD56-86895A94611D}.Release|Any CPU.ActiveCfg = Release|Any CPU
		{C8D16990-59D6-4B45-AD56-86895A94611D}.Release|Any CPU.Build.0 = Release|Any CPU
		{E952B7AD-2E3D-4E09-894C-B69FA36C9EB3}.Debug|Any CPU.ActiveCfg = Debug|Any CPU
		{E952B7AD-2E3D-4E09-894C-B69FA36C9EB3}.Debug|Any CPU.Build.0 = Debug|Any CPU
		{E952B7AD-2E3D-4E09-894C-B69FA36C9EB3}.Release|Any CPU.ActiveCfg = Release|Any CPU
		{E952B7AD-2E3D-4E09-894C-B69FA36C9EB3}.Release|Any CPU.Build.0 = Release|Any CPU
		{5488367D-4064-4E0B-80FF-B42DF2C1FD3C}.Debug|Any CPU.ActiveCfg = Debug|Any CPU
		{5488367D-4064-4E0B-80FF-B42DF2C1FD3C}.Debug|Any CPU.Build.0 = Debug|Any CPU
		{5488367D-4064-4E0B-80FF-B42DF2C1FD3C}.Release|Any CPU.ActiveCfg = Release|Any CPU
		{5488367D-4064-4E0B-80FF-B42DF2C1FD3C}.Release|Any CPU.Build.0 = Release|Any CPU
	EndGlobalSection
	GlobalSection(SolutionProperties) = preSolution
		HideSolutionNode = FALSE
	EndGlobalSection
	GlobalSection(ExtensibilityGlobals) = postSolution
		SolutionGuid = {2AA0F962-8384-4EA5-AA9F-B0537BFC8B13}
	EndGlobalSection
EndGlobal
